
Microsoft Visual Studio Solution File, Format Version 12.00
# Visual Studio Version 17
VisualStudioVersion = 17.14.36408.4
MinimumVisualStudioVersion = 10.0.40219.1
Project("{FAE04EC0-301F-11D3-BF4B-00C04F79EFBC}") = "Employee Leave Management System backend", "Employee Leave Management System backend.csproj", "{C6561CE8-1B43-4C38-8F61-EE168C3DEFC9}"
EndProject
Global
	GlobalSection(SolutionConfigurationPlatforms) = preSolution
		Debug|Any CPU = Debug|Any CPU
		Release|Any CPU = Release|Any CPU
	EndGlobalSection
	GlobalSection(ProjectConfigurationPlatforms) = postSolution
		{C6561CE8-1B43-4C38-8F61-EE168C3DEFC9}.Debug|Any CPU.ActiveCfg = Debug|Any CPU
		{C6561CE8-1B43-4C38-8F61-EE168C3DEFC9}.Debug|Any CPU.Build.0 = Debug|Any CPU
		{C6561CE8-1B43-4C38-8F61-EE168C3DEFC9}.Release|Any CPU.ActiveCfg = Release|Any CPU
		{C6561CE8-1B43-4C38-8F61-EE168C3DEFC9}.Release|Any CPU.Build.0 = Release|Any CPU
	EndGlobalSection
	GlobalSection(SolutionProperties) = preSolution
		HideSolutionNode = FALSE
	EndGlobalSection
	GlobalSection(ExtensibilityGlobals) = postSolution
		SolutionGuid = {DC46D00C-7CDF-49FD-BEF3-ADDC7926C21C}
	EndGlobalSection
EndGlobal
